lockfileVersion: '9.0'

settings:
  autoInstallPeers: true
  excludeLinksFromLockfile: false

overrides:
  asyar-api: file:../../../../asyar-api/asyar-api-1.0.0.tgz

importers:

  .:
    dependencies:
      asyar-api:
        specifier: file:../../../../asyar-api/asyar-api-1.0.0.tgz
        version: file:../../../../asyar-api/asyar-api-1.0.0.tgz
      date-fns:
        specifier: ^4.1.0
        version: 4.1.0

packages:

  asyar-api@file:../../../../asyar-api/asyar-api-1.0.0.tgz:
    resolution: {integrity: sha512-mEaLZyXwr/hloHJjIXhv8WjS5gspbq4s+I0cFgZc77oqYW+hi+k/biAuAx6TI8owyUJsJ8u62YaMUsyRT7DWIA==, tarball: file:../../../../asyar-api/asyar-api-1.0.0.tgz}
    version: 1.0.0

  date-fns@4.1.0:
    resolution: {integrity: sha512-Ukq0owbQXxa/U3EGtsdVBkR1w7KOQ5gIBqdH2hkvknzZPYvBxb/aa6E8L7tmjFtkwZBu3UXBbjIgPo/Ez4xaNg==}

snapshots:

  asyar-api@file:../../../../asyar-api/asyar-api-1.0.0.tgz: {}

  date-fns@4.1.0: {}
